
Microsoft Visual Studio Solution File, Format Version 12.00
# Visual Studio Version 17
VisualStudioVersion = 17.2.32519.379
MinimumVisualStudioVersion = 10.0.40219.1
Project("{FAE04EC0-301F-11D3-BF4B-00C04F79EFBC}") = "Kalkulator", "Kalkulator\Kalkulator.csproj", "{1D830D6F-3987-42FA-973F-5C04F0741498}"
EndProject
Global
	GlobalSection(SolutionConfigurationPlatforms) = preSolution
		Debug|Any CPU = Debug|Any CPU
		Release|Any CPU = Release|Any CPU
	EndGlobalSection
	GlobalSection(ProjectConfigurationPlatforms) = postSolution
		{1D830D6F-3987-42FA-973F-5C04F0741498}.Debug|Any CPU.ActiveCfg = Debug|Any CPU
		{1D830D6F-3987-42FA-973F-5C04F0741498}.Debug|Any CPU.Build.0 = Debug|Any CPU
		{1D830D6F-3987-42FA-973F-5C04F0741498}.Release|Any CPU.ActiveCfg = Release|Any CPU
		{1D830D6F-3987-42FA-973F-5C04F0741498}.Release|Any CPU.Build.0 = Release|Any CPU
	EndGlobalSection
	GlobalSection(SolutionProperties) = preSolution
		HideSolutionNode = FALSE
	EndGlobalSection
	GlobalSection(ExtensibilityGlobals) = postSolution
		SolutionGuid = {DFC692C5-FB33-49C1-B272-2C9AC6B11769}
	EndGlobalSection
EndGlobal
